" Generated by vim-plug
" Wed Jun 12 15:07:50 2019
" :source this file in vim to restore the snapshot
" or execute: vim -S snapshot.vim

silent! let g:plugs['DidYouMean'].commit = 'a98fb17'
silent! let g:plugs['MatchTag'].commit = 'f190ed0'
silent! let g:plugs['YouCompleteMe'].commit = '2e67594e'
silent! let g:plugs['ack.vim'].commit = '36e40f9'
silent! let g:plugs['argtextobj.vim'].commit = 'f3fbe42'
silent! let g:plugs['bufkill.vim'].commit = '1beec81'
silent! let g:plugs['clang_complete'].commit = '0b98d75'
silent! let g:plugs['csv.vim'].commit = '66afe78'
silent! let g:plugs['ctrlp.vim'].commit = '564176f'
silent! let g:plugs['goyo.vim'].commit = '0122904'
silent! let g:plugs['neomake'].commit = '2e5755aa'
silent! let g:plugs['nerdcommenter'].commit = '17b68e4'
silent! let g:plugs['python-mode'].commit = 'f94b0d7'
silent! let g:plugs['python-syntax'].commit = '1df5e5a'
silent! let g:plugs['python.vim'].commit = '0877af4'
silent! let g:plugs['python_match.vim'].commit = '20bb437'
silent! let g:plugs['tabular'].commit = '339091a'
silent! let g:plugs['tagbar'].commit = '387bbad'
silent! let g:plugs['tlib_vim'].commit = '19c9845'
silent! let g:plugs['ultisnips'].commit = '1a99766'
silent! let g:plugs['undotree'].commit = 'be23eac'
silent! let g:plugs['vim-addon-mw-utils'].commit = '295862b'
silent! let g:plugs['vim-airline'].commit = 'ea7f5d5'
silent! let g:plugs['vim-airline-themes'].commit = '01b3098'
silent! let g:plugs['vim-buffergator'].commit = '947b60d'
silent! let g:plugs['vim-colors-solarized'].commit = 'fb8f263'
silent! let g:plugs['vim-dispatch'].commit = '178acd0'
silent! let g:plugs['vim-ditto'].commit = 'c21f0e2'
silent! let g:plugs['vim-fugitive'].commit = '2bde1d9'
silent! let g:plugs['vim-gf-python'].commit = '48af4cb'
silent! let g:plugs['vim-indent-object'].commit = '5c5b24c'
silent! let g:plugs['vim-makejob'].commit = 'e5215be'
silent! let g:plugs['vim-multiple-cursors'].commit = 'a95edcd'
silent! let g:plugs['vim-pandoc'].commit = '6c832b1'
silent! let g:plugs['vim-pandoc-syntax'].commit = 'e557ade'
silent! let g:plugs['vim-quickrun'].commit = 'ed236e0'
silent! let g:plugs['vim-root'].commit = 'df3e617'
silent! let g:plugs['vim-snippets'].commit = '9827f17'
silent! let g:plugs['vim-surround'].commit = 'ca58a2d'
silent! let g:plugs['vim-swap'].commit = '328b754'
silent! let g:plugs['vim-unimpaired'].commit = 'e779230'
silent! let g:plugs['vim-vmath'].commit = '2c35bf5'
silent! let g:plugs['vim-yankstack'].commit = '157a659'
silent! let g:plugs['vim-zenroom2'].commit = 'b13d40d'
silent! let g:plugs['vimtex'].commit = 'ee10671'

PlugUpdate!

